# This file is @generated by PDM.
# It is not intended for manual editing.

[metadata]
groups = ["default"]
strategy = ["cross_platform"]
lock_version = "4.4"
content_hash = "sha256:a87c5c09bf32b0ceaec9de62266d6e96251d9ac61b2d271ab4d8fbbc0b469fac"

[[package]]
name = "aiohttp"
version = "3.9.1"
requires_python = ">=3.8"
summary = "Async http client/server framework (asyncio)"
dependencies = [
    "aiosignal>=1.1.2",
    "async-timeout<5.0,>=4.0; python_version < \"3.11\"",
    "attrs>=17.3.0",
    "frozenlist>=1.1.1",
    "multidict<7.0,>=4.5",
    "yarl<2.0,>=1.0",
]
files = [
    {file = "aiohttp-3.9.1-cp310-cp310-macosx_10_9_universal2.whl", hash = "sha256:e1f80197f8b0b846a8d5cf7b7ec6084493950d0882cc5537fb7b96a69e3c8590"},
    {file = "aiohttp-3.9.1-cp310-cp310-macosx_10_9_x86_64.whl", hash = "sha256:c72444d17777865734aa1a4d167794c34b63e5883abb90356a0364a28904e6c0"},
    {file = "aiohttp-3.9.1-cp310-cp310-macosx_11_0_arm64.whl", hash = "sha256:9b05d5cbe9dafcdc733262c3a99ccf63d2f7ce02543620d2bd8db4d4f7a22f83"},
    {file = "aiohttp-3.9.1-cp310-cp310-manylinux_2_17_aarch64.manylinux2014_aarch64.whl", hash = "sha256:5c4fa235d534b3547184831c624c0b7c1e262cd1de847d95085ec94c16fddcd5"},
    {file = "aiohttp-3.9.1-cp310-cp310-manylinux_2_17_ppc64le.manylinux2014_ppc64le.whl", hash = "sha256:289ba9ae8e88d0ba16062ecf02dd730b34186ea3b1e7489046fc338bdc3361c4"},
    {file = "aiohttp-3.9.1-cp310-cp310-manylinux_2_17_s390x.manylinux2014_s390x.whl", hash = "sha256:bff7e2811814fa2271be95ab6e84c9436d027a0e59665de60edf44e529a42c1f"},
    {file = "aiohttp-3.9.1-cp310-cp310-manylinux_2_17_x86_64.manylinux2014_x86_64.whl", hash = "sha256:81b77f868814346662c96ab36b875d7814ebf82340d3284a31681085c051320f"},
    {file = "aiohttp-3.9.1-cp310-cp310-manylinux_2_5_i686.manylinux1_i686.manylinux_2_17_i686.manylinux2014_i686.whl", hash = "sha256:3b9c7426923bb7bd66d409da46c41e3fb40f5caf679da624439b9eba92043fa6"},
    {file = "aiohttp-3.9.1-cp310-cp310-musllinux_1_1_aarch64.whl", hash = "sha256:8d44e7bf06b0c0a70a20f9100af9fcfd7f6d9d3913e37754c12d424179b4e48f"},
    {file = "aiohttp-3.9.1-cp310-cp310-musllinux_1_1_i686.whl", hash = "sha256:22698f01ff5653fe66d16ffb7658f582a0ac084d7da1323e39fd9eab326a1f26"},
    {file = "aiohttp-3.9.1-cp310-cp310-musllinux_1_1_ppc64le.whl", hash = "sha256:ca7ca5abfbfe8d39e653870fbe8d7710be7a857f8a8386fc9de1aae2e02ce7e4"},
    {file = "aiohttp-3.9.1-cp310-cp310-musllinux_1_1_s390x.whl", hash = "sha256:8d7f98fde213f74561be1d6d3fa353656197f75d4edfbb3d94c9eb9b0fc47f5d"},
    {file = "aiohttp-3.9.1-cp310-cp310-musllinux_1_1_x86_64.whl", hash = "sha256:5216b6082c624b55cfe79af5d538e499cd5f5b976820eac31951fb4325974501"},
    {file = "aiohttp-3.9.1-cp310-cp310-win32.whl", hash = "sha256:0e7ba7ff228c0d9a2cd66194e90f2bca6e0abca810b786901a569c0de082f489"},
    {file = "aiohttp-3.9.1-cp310-cp310-win_amd64.whl", hash = "sha256:c7e939f1ae428a86e4abbb9a7c4732bf4706048818dfd979e5e2839ce0159f23"},
    {file = "aiohttp-3.9.1-cp311-cp311-macosx_10_9_universal2.whl", hash = "sha256:df9cf74b9bc03d586fc53ba470828d7b77ce51b0582d1d0b5b2fb673c0baa32d"},
    {file = "aiohttp-3.9.1-cp311-cp311-macosx_10_9_x86_64.whl", hash = "sha256:ecca113f19d5e74048c001934045a2b9368d77b0b17691d905af18bd1c21275e"},
    {file = "aiohttp-3.9.1-cp311-cp311-macosx_11_0_arm64.whl", hash = "sha256:8cef8710fb849d97c533f259103f09bac167a008d7131d7b2b0e3a33269185c0"},
    {file = "aiohttp-3.9.1-cp311-cp311-manylinux_2_17_aarch64.manylinux2014_aarch64.whl", hash = "sha256:bea94403a21eb94c93386d559bce297381609153e418a3ffc7d6bf772f59cc35"},
    {file = "aiohttp-3.9.1-cp311-cp311-manylinux_2_17_ppc64le.manylinux2014_ppc64le.whl", hash = "sha256:91c742ca59045dce7ba76cab6e223e41d2c70d79e82c284a96411f8645e2afff"},
    {file = "aiohttp-3.9.1-cp311-cp311-manylinux_2_17_s390x.manylinux2014_s390x.whl", hash = "sha256:6c93b7c2e52061f0925c3382d5cb8980e40f91c989563d3d32ca280069fd6a87"},
    {file = "aiohttp-3.9.1-cp311-cp311-manylinux_2_17_x86_64.manylinux2014_x86_64.whl", hash = "sha256:ee2527134f95e106cc1653e9ac78846f3a2ec1004cf20ef4e02038035a74544d"},
    {file = "aiohttp-3.9.1-cp311-cp311-manylinux_2_5_i686.manylinux1_i686.manylinux_2_17_i686.manylinux2014_i686.whl", hash = "sha256:11ff168d752cb41e8492817e10fb4f85828f6a0142b9726a30c27c35a1835f01"},
    {file = "aiohttp-3.9.1-cp311-cp311-musllinux_1_1_aarch64.whl", hash = "sha256:b8c3a67eb87394386847d188996920f33b01b32155f0a94f36ca0e0c635bf3e3"},
    {file = "aiohttp-3.9.1-cp311-cp311-musllinux_1_1_i686.whl", hash = "sha256:c7b5d5d64e2a14e35a9240b33b89389e0035e6de8dbb7ffa50d10d8b65c57449"},
    {file = "aiohttp-3.9.1-cp311-cp311-musllinux_1_1_ppc64le.whl", hash = "sha256:69985d50a2b6f709412d944ffb2e97d0be154ea90600b7a921f95a87d6f108a2"},
    {file = "aiohttp-3.9.1-cp311-cp311-musllinux_1_1_s390x.whl", hash = "sha256:c9110c06eaaac7e1f5562caf481f18ccf8f6fdf4c3323feab28a93d34cc646bd"},
    {file = "aiohttp-3.9.1-cp311-cp311-musllinux_1_1_x86_64.whl", hash = "sha256:d737e69d193dac7296365a6dcb73bbbf53bb760ab25a3727716bbd42022e8d7a"},
    {file = "aiohttp-3.9.1-cp311-cp311-win32.whl", hash = "sha256:4ee8caa925aebc1e64e98432d78ea8de67b2272252b0a931d2ac3bd876ad5544"},
    {file = "aiohttp-3.9.1-cp311-cp311-win_amd64.whl", hash = "sha256:a34086c5cc285be878622e0a6ab897a986a6e8bf5b67ecb377015f06ed316587"},
    {file = "aiohttp-3.9.1-cp312-cp312-macosx_10_9_universal2.whl", hash = "sha256:f800164276eec54e0af5c99feb9494c295118fc10a11b997bbb1348ba1a52065"},
    {file = "aiohttp-3.9.1-cp312-cp312-macosx_10_9_x86_64.whl", hash = "sha256:500f1c59906cd142d452074f3811614be04819a38ae2b3239a48b82649c08821"},
    {file = "aiohttp-3.9.1-cp312-cp312-macosx_11_0_arm64.whl", hash = "sha256:0b0a6a36ed7e164c6df1e18ee47afbd1990ce47cb428739d6c99aaabfaf1b3af"},
    {file = "aiohttp-3.9.1-cp312-cp312-manylinux_2_17_aarch64.manylinux2014_aarch64.whl", hash = "sha256:69da0f3ed3496808e8cbc5123a866c41c12c15baaaead96d256477edf168eb57"},
    {file = "aiohttp-3.9.1-cp312-cp312-manylinux_2_17_ppc64le.manylinux2014_ppc64le.whl", hash = "sha256:176df045597e674fa950bf5ae536be85699e04cea68fa3a616cf75e413737eb5"},
    {file = "aiohttp-3.9.1-cp312-cp312-manylinux_2_17_s390x.manylinux2014_s390x.whl", hash = "sha256:b796b44111f0cab6bbf66214186e44734b5baab949cb5fb56154142a92989aeb"},
    {file = "aiohttp-3.9.1-cp312-cp312-manylinux_2_17_x86_64.manylinux2014_x86_64.whl", hash = "sha256:f27fdaadce22f2ef950fc10dcdf8048407c3b42b73779e48a4e76b3c35bca26c"},
    {file = "aiohttp-3.9.1-cp312-cp312-manylinux_2_5_i686.manylinux1_i686.manylinux_2_17_i686.manylinux2014_i686.whl", hash = "sha256:bcb6532b9814ea7c5a6a3299747c49de30e84472fa72821b07f5a9818bce0f66"},
    {file = "aiohttp-3.9.1-cp312-cp312-musllinux_1_1_aarch64.whl", hash = "sha256:54631fb69a6e44b2ba522f7c22a6fb2667a02fd97d636048478db2fd8c4e98fe"},
    {file = "aiohttp-3.9.1-cp312-cp312-musllinux_1_1_i686.whl", hash = "sha256:4b4c452d0190c5a820d3f5c0f3cd8a28ace48c54053e24da9d6041bf81113183"},
    {file = "aiohttp-3.9.1-cp312-cp312-musllinux_1_1_ppc64le.whl", hash = "sha256:cae4c0c2ca800c793cae07ef3d40794625471040a87e1ba392039639ad61ab5b"},
    {file = "aiohttp-3.9.1-cp312-cp312-musllinux_1_1_s390x.whl", hash = "sha256:565760d6812b8d78d416c3c7cfdf5362fbe0d0d25b82fed75d0d29e18d7fc30f"},
    {file = "aiohttp-3.9.1-cp312-cp312-musllinux_1_1_x86_64.whl", hash = "sha256:54311eb54f3a0c45efb9ed0d0a8f43d1bc6060d773f6973efd90037a51cd0a3f"},
    {file = "aiohttp-3.9.1-cp312-cp312-win32.whl", hash = "sha256:85c3e3c9cb1d480e0b9a64c658cd66b3cfb8e721636ab8b0e746e2d79a7a9eed"},
    {file = "aiohttp-3.9.1-cp312-cp312-win_amd64.whl", hash = "sha256:11cb254e397a82efb1805d12561e80124928e04e9c4483587ce7390b3866d213"},
    {file = "aiohttp-3.9.1.tar.gz", hash = "sha256:8fc49a87ac269d4529da45871e2ffb6874e87779c3d0e2ccd813c0899221239d"},
]

[[package]]
name = "aiosignal"
version = "1.3.1"
requires_python = ">=3.7"
summary = "aiosignal: a list of registered asynchronous callbacks"
dependencies = [
    "frozenlist>=1.1.0",
]
files = [
    {file = "aiosignal-1.3.1-py3-none-any.whl", hash = "sha256:f8376fb07dd1e86a584e4fcdec80b36b7f81aac666ebc724e2c090300dd83b17"},
    {file = "aiosignal-1.3.1.tar.gz", hash = "sha256:54cd96e15e1649b75d6c87526a6ff0b6c1b0dd3459f43d9ca11d48c339b68cfc"},
]

[[package]]
name = "async-timeout"
version = "4.0.3"
requires_python = ">=3.7"
summary = "Timeout context manager for asyncio programs"
files = [
    {file = "async-timeout-4.0.3.tar.gz", hash = "sha256:4640d96be84d82d02ed59ea2b7105a0f7b33abe8703703cd0ab0bf87c427522f"},
    {file = "async_timeout-4.0.3-py3-none-any.whl", hash = "sha256:7405140ff1230c310e51dc27b3145b9092d659ce68ff733fb0cefe3ee42be028"},
]

[[package]]
name = "attrs"
version = "23.1.0"
requires_python = ">=3.7"
summary = "Classes Without Boilerplate"
files = [
    {file = "attrs-23.1.0-py3-none-any.whl", hash = "sha256:1f28b4522cdc2fb4256ac1a020c78acf9cba2c6b461ccd2c126f3aa8e8335d04"},
    {file = "attrs-23.1.0.tar.gz", hash = "sha256:6279836d581513a26f1bf235f9acd333bc9115683f14f7e8fae46c98fc50e015"},
]

[[package]]
name = "avilla-console"
version = "0.2.0"
requires_python = ">=3.9"
summary = "Avilla Console Protocol"
dependencies = [
    "nonechat<1.0.0,>=0.2.0",
]
files = [
    {file = "avilla_console-0.2.0-py3-none-any.whl", hash = "sha256:fa29ab2f044041b80ea85c0b6449b970538d33eebfd81b646f3347d919290991"},
    {file = "avilla_console-0.2.0.tar.gz", hash = "sha256:0f2fe29d6bc9bec93051051ecb81b25f52058f9d925632cc9eb9694db8b2a260"},
]

[[package]]
name = "avilla-core"
version = "1.0.0a17"
requires_python = ">=3.9"
summary = ""
dependencies = [
    "creart>=0.3.0",
    "graia-amnesia>=0.8.1",
    "graia-broadcast>=0.23.1",
    "launart>=0.8.2",
    "loguru>=0.6.0",
]
files = [
    {file = "avilla_core-1.0.0a17-py3-none-any.whl", hash = "sha256:f30ed5e7cf65e74e38dd7d8e3b50ddee0388e39089a500a8cafd2ac1da53a094"},
    {file = "avilla_core-1.0.0a17.tar.gz", hash = "sha256:18cb97716e45c191cd474f977b356fc9ee4fd381bcd215637b72d3bad1f4ccd2"},
]

[[package]]
name = "avilla-elizabeth"
version = "1.0.0a16"
requires_python = ">=3.9"
summary = ""
dependencies = [
    "aiohttp>=3.8.1",
    "avilla-core>=1.0.0a16",
    "avilla-standard-qq>=1.0.0a7",
]
files = [
    {file = "avilla_elizabeth-1.0.0a16-py3-none-any.whl", hash = "sha256:0a37ca51bf18da5b3be67faf5011855f9fd839225580a6ec3696a4bf29c13cca"},
    {file = "avilla_elizabeth-1.0.0a16.tar.gz", hash = "sha256:66ea0bc9a3870b5f8fff16d978e8c522ad92459c71c89c814cb554ea4e3ef47d"},
]

[[package]]
name = "avilla-qqapi"
version = "1.0.0a21"
requires_python = ">=3.9"
summary = ""
dependencies = [
    "aiohttp>=3.8.1",
]
files = [
    {file = "avilla_qqapi-1.0.0a21-py3-none-any.whl", hash = "sha256:e1a0bb2c42a4e96c364eb3697bfb88bacad7c3943c889eb05027784c429e44aa"},
    {file = "avilla_qqapi-1.0.0a21.tar.gz", hash = "sha256:ae551594da9bcbdd32d00acc3c41acc3a0022d31667c01e4d9a0c28d4738ec16"},
]

[[package]]
name = "avilla-standard-qq"
version = "1.0.0a9"
requires_python = ">=3.9"
summary = ""
files = [
    {file = "avilla_standard_qq-1.0.0a9-py3-none-any.whl", hash = "sha256:c69937119761c9947cb685be1962d4317b0430d40f63de4d5cad4475d936b88c"},
    {file = "avilla_standard_qq-1.0.0a9.tar.gz", hash = "sha256:4afbb8e165533cfc021aef8c4f4179aea4b607976a51baa636bbbb407aa61962"},
]

[[package]]
name = "click"
version = "8.1.7"
requires_python = ">=3.7"
summary = "Composable command line interface toolkit"
dependencies = [
    "colorama; platform_system == \"Windows\"",
]
files = [
    {file = "click-8.1.7-py3-none-any.whl", hash = "sha256:ae74fb96c20a0277a1d615f1e4d73c8414f5a98db8b799a7931d1582f3390c28"},
    {file = "click-8.1.7.tar.gz", hash = "sha256:ca9853ad459e787e2192211578cc907e7594e294c7ccc834310722b41b9ca6de"},
]

[[package]]
name = "colorama"
version = "0.4.6"
requires_python = "!=3.0.*,!=3.1.*,!=3.2.*,!=3.3.*,!=3.4.*,!=3.5.*,!=3.6.*,>=2.7"
summary = "Cross-platform colored terminal text."
files = [
    {file = "colorama-0.4.6-py2.py3-none-any.whl", hash = "sha256:4f1d9991f5acc0ca119f9d443620b77f9d6b33703e51011c16baf57afb285fc6"},
    {file = "colorama-0.4.6.tar.gz", hash = "sha256:08695f5cb7ed6e0531a20572697297273c47b8cae5a63ffc6d6ed5c201be6e44"},
]

[[package]]
name = "creart"
version = "0.3.0"
requires_python = ">=3.8"
summary = "a universal, extensible class instantiation helper"
dependencies = [
    "importlib-metadata>=3.6",
]
files = [
    {file = "creart-0.3.0-py3-none-any.whl", hash = "sha256:43074f6f59430f41b72d3c04ba4d268af0f32842fbc94bbda4b81ae464be0ee1"},
    {file = "creart-0.3.0.tar.gz", hash = "sha256:39fea77476d26d2bd5891aa3b5f16cab5567b37b855483e37f094ba005bf0d1f"},
]

[[package]]
name = "frozenlist"
version = "1.4.0"
requires_python = ">=3.8"
summary = "A list-like structure which implements collections.abc.MutableSequence"
files = [
    {file = "frozenlist-1.4.0-cp310-cp310-macosx_10_9_universal2.whl", hash = "sha256:764226ceef3125e53ea2cb275000e309c0aa5464d43bd72abd661e27fffc26ab"},
    {file = "frozenlist-1.4.0-cp310-cp310-macosx_10_9_x86_64.whl", hash = "sha256:d6484756b12f40003c6128bfcc3fa9f0d49a687e171186c2d85ec82e3758c559"},
    {file = "frozenlist-1.4.0-cp310-cp310-macosx_11_0_arm64.whl", hash = "sha256:9ac08e601308e41eb533f232dbf6b7e4cea762f9f84f6357136eed926c15d12c"},
    {file = "frozenlist-1.4.0-cp310-cp310-manylinux_2_17_aarch64.manylinux2014_aarch64.whl", hash = "sha256:d081f13b095d74b67d550de04df1c756831f3b83dc9881c38985834387487f1b"},
    {file = "frozenlist-1.4.0-cp310-cp310-manylinux_2_17_ppc64le.manylinux2014_ppc64le.whl", hash = "sha256:71932b597f9895f011f47f17d6428252fc728ba2ae6024e13c3398a087c2cdea"},
    {file = "frozenlist-1.4.0-cp310-cp310-manylinux_2_17_s390x.manylinux2014_s390x.whl", hash = "sha256:981b9ab5a0a3178ff413bca62526bb784249421c24ad7381e39d67981be2c326"},
    {file = "frozenlist-1.4.0-cp310-cp310-manylinux_2_5_i686.manylinux1_i686.manylinux_2_17_i686.manylinux2014_i686.whl", hash = "sha256:e41f3de4df3e80de75845d3e743b3f1c4c8613c3997a912dbf0229fc61a8b963"},
    {file = "frozenlist-1.4.0-cp310-cp310-manylinux_2_5_x86_64.manylinux1_x86_64.manylinux_2_17_x86_64.manylinux2014_x86_64.whl", hash = "sha256:6918d49b1f90821e93069682c06ffde41829c346c66b721e65a5c62b4bab0300"},
    {file = "frozenlist-1.4.0-cp310-cp310-musllinux_1_1_aarch64.whl", hash = "sha256:0e5c8764c7829343d919cc2dfc587a8db01c4f70a4ebbc49abde5d4b158b007b"},
    {file = "frozenlist-1.4.0-cp310-cp310-musllinux_1_1_i686.whl", hash = "sha256:8d0edd6b1c7fb94922bf569c9b092ee187a83f03fb1a63076e7774b60f9481a8"},
    {file = "frozenlist-1.4.0-cp310-cp310-musllinux_1_1_ppc64le.whl", hash = "sha256:e29cda763f752553fa14c68fb2195150bfab22b352572cb36c43c47bedba70eb"},
    {file = "frozenlist-1.4.0-cp310-cp310-musllinux_1_1_s390x.whl", hash = "sha256:0c7c1b47859ee2cac3846fde1c1dc0f15da6cec5a0e5c72d101e0f83dcb67ff9"},
    {file = "frozenlist-1.4.0-cp310-cp310-musllinux_1_1_x86_64.whl", hash = "sha256:901289d524fdd571be1c7be054f48b1f88ce8dddcbdf1ec698b27d4b8b9e5d62"},
    {file = "frozenlist-1.4.0-cp310-cp310-win32.whl", hash = "sha256:1a0848b52815006ea6596c395f87449f693dc419061cc21e970f139d466dc0a0"},
    {file = "frozenlist-1.4.0-cp310-cp310-win_amd64.whl", hash = "sha256:b206646d176a007466358aa21d85cd8600a415c67c9bd15403336c331a10d956"},
    {file = "frozenlist-1.4.0-cp311-cp311-macosx_10_9_universal2.whl", hash = "sha256:de343e75f40e972bae1ef6090267f8260c1446a1695e77096db6cfa25e759a95"},
    {file = "frozenlist-1.4.0-cp311-cp311-macosx_10_9_x86_64.whl", hash = "sha256:ad2a9eb6d9839ae241701d0918f54c51365a51407fd80f6b8289e2dfca977cc3"},
    {file = "frozenlist-1.4.0-cp311-cp311-macosx_11_0_arm64.whl", hash = "sha256:bd7bd3b3830247580de99c99ea2a01416dfc3c34471ca1298bccabf86d0ff4dc"},
    {file = "frozenlist-1.4.0-cp311-cp311-manylinux_2_17_aarch64.manylinux2014_aarch64.whl", hash = "sha256:bdf1847068c362f16b353163391210269e4f0569a3c166bc6a9f74ccbfc7e839"},
    {file = "frozenlist-1.4.0-cp311-cp311-manylinux_2_17_ppc64le.manylinux2014_ppc64le.whl", hash = "sha256:38461d02d66de17455072c9ba981d35f1d2a73024bee7790ac2f9e361ef1cd0c"},
    {file = "frozenlist-1.4.0-cp311-cp311-manylinux_2_17_s390x.manylinux2014_s390x.whl", hash = "sha256:d5a32087d720c608f42caed0ef36d2b3ea61a9d09ee59a5142d6070da9041b8f"},
    {file = "frozenlist-1.4.0-cp311-cp311-manylinux_2_5_i686.manylinux1_i686.manylinux_2_17_i686.manylinux2014_i686.whl", hash = "sha256:dd65632acaf0d47608190a71bfe46b209719bf2beb59507db08ccdbe712f969b"},
    {file = "frozenlist-1.4.0-cp311-cp311-manylinux_2_5_x86_64.manylinux1_x86_64.manylinux_2_17_x86_64.manylinux2014_x86_64.whl", hash = "sha256:261b9f5d17cac914531331ff1b1d452125bf5daa05faf73b71d935485b0c510b"},
    {file = "frozenlist-1.4.0-cp311-cp311-musllinux_1_1_aarch64.whl", hash = "sha256:b89ac9768b82205936771f8d2eb3ce88503b1556324c9f903e7156669f521472"},
    {file = "frozenlist-1.4.0-cp311-cp311-musllinux_1_1_i686.whl", hash = "sha256:008eb8b31b3ea6896da16c38c1b136cb9fec9e249e77f6211d479db79a4eaf01"},
    {file = "frozenlist-1.4.0-cp311-cp311-musllinux_1_1_ppc64le.whl", hash = "sha256:e74b0506fa5aa5598ac6a975a12aa8928cbb58e1f5ac8360792ef15de1aa848f"},
    {file = "frozenlist-1.4.0-cp311-cp311-musllinux_1_1_s390x.whl", hash = "sha256:490132667476f6781b4c9458298b0c1cddf237488abd228b0b3650e5ecba7467"},
    {file = "frozenlist-1.4.0-cp311-cp311-musllinux_1_1_x86_64.whl", hash = "sha256:76d4711f6f6d08551a7e9ef28c722f4a50dd0fc204c56b4bcd95c6cc05ce6fbb"},
    {file = "frozenlist-1.4.0-cp311-cp311-win32.whl", hash = "sha256:a02eb8ab2b8f200179b5f62b59757685ae9987996ae549ccf30f983f40602431"},
    {file = "frozenlist-1.4.0-cp311-cp311-win_amd64.whl", hash = "sha256:515e1abc578dd3b275d6a5114030b1330ba044ffba03f94091842852f806f1c1"},
    {file = "frozenlist-1.4.0.tar.gz", hash = "sha256:09163bdf0b2907454042edb19f887c6d33806adc71fbd54afc14908bfdc22251"},
]

[[package]]
name = "graia-amnesia"
version = "0.8.2"
requires_python = "<4.0,>=3.8"
summary = "a collection of shared components for graia"
dependencies = [
    "launart<1.0.0,>=0.7.0",
    "typing-extensions>=4.0.0",
    "uvicorn>=0.23.2",
]
files = [
    {file = "graia_amnesia-0.8.2-py3-none-any.whl", hash = "sha256:e9f882e98f02295e82678c9d422dcdb30612c2adb1a19f972627e0da83a41485"},
    {file = "graia_amnesia-0.8.2.tar.gz", hash = "sha256:1b6c253c02dfa874ff6fcdba1e6700804c852ad3cadca4e9e76a33033b2c0438"},
]

[[package]]
name = "graia-broadcast"
version = "0.23.4"
requires_python = "<4.0,>=3.8"
summary = "a highly customizable, elegantly designed event system based on asyncio"
dependencies = [
    "creart~=0.3.0",
]
files = [
    {file = "graia_broadcast-0.23.4-py3-none-any.whl", hash = "sha256:13835d1e1cde79dcd915fcac7f2ad607e1e90f815030259310cd62e60f97b17d"},
    {file = "graia_broadcast-0.23.4.tar.gz", hash = "sha256:48a6dc4071a83883f6940f03281913f399529834277eb7dc5becee7921b18060"},
]

[[package]]
name = "h11"
version = "0.14.0"
requires_python = ">=3.7"
summary = "A pure-Python, bring-your-own-I/O implementation of HTTP/1.1"
files = [
    {file = "h11-0.14.0-py3-none-any.whl", hash = "sha256:e3fe4ac4b851c468cc8363d500db52c2ead036020723024a109d37346efaa761"},
    {file = "h11-0.14.0.tar.gz", hash = "sha256:8f19fbbe99e72420ff35c00b27a34cb9937e902a8b810e2c88300c6f0a3b699d"},
]

[[package]]
name = "idna"
version = "3.6"
requires_python = ">=3.5"
summary = "Internationalized Domain Names in Applications (IDNA)"
files = [
    {file = "idna-3.6-py3-none-any.whl", hash = "sha256:c05567e9c24a6b9faaa835c4821bad0590fbb9d5779e7caa6e1cc4978e7eb24f"},
    {file = "idna-3.6.tar.gz", hash = "sha256:9ecdbbd083b06798ae1e86adcbfe8ab1479cf864e4ee30fe4e46a003d12491ca"},
]

[[package]]
name = "importlib-metadata"
version = "6.8.0"
requires_python = ">=3.8"
summary = "Read metadata from Python packages"
dependencies = [
    "zipp>=0.5",
]
files = [
    {file = "importlib_metadata-6.8.0-py3-none-any.whl", hash = "sha256:3ebb78df84a805d7698245025b975d9d67053cd94c79245ba4b3eb694abe68bb"},
    {file = "importlib_metadata-6.8.0.tar.gz", hash = "sha256:dbace7892d8c0c4ac1ad096662232f831d4e64f4c4545bd53016a3e9d4654743"},
]

[[package]]
name = "launart"
version = "0.8.2"
requires_python = ">=3.8"
summary = "Component lifetime manager for runtime."
dependencies = [
    "creart>=0.3.0",
    "loguru>=0.6.0",
    "statv>=0.2.2",
]
files = [
    {file = "launart-0.8.2-py3-none-any.whl", hash = "sha256:081bcfdeb6db747cd96e479dae23c3c918ad4d570c4078a8adffcf81aeecea0c"},
    {file = "launart-0.8.2.tar.gz", hash = "sha256:b1ba35d79a7cb6e3cb09195ef3b7cdf47ecaefb7838020607a0c371e188cc96c"},
]

[[package]]
name = "linkify-it-py"
version = "2.0.2"
requires_python = ">=3.7"
summary = "Links recognition library with FULL unicode support."
dependencies = [
    "uc-micro-py",
]
files = [
    {file = "linkify-it-py-2.0.2.tar.gz", hash = "sha256:19f3060727842c254c808e99d465c80c49d2c7306788140987a1a7a29b0d6ad2"},
    {file = "linkify_it_py-2.0.2-py3-none-any.whl", hash = "sha256:a3a24428f6c96f27370d7fe61d2ac0be09017be5190d68d8658233171f1b6541"},
]

[[package]]
name = "loguru"
version = "0.7.2"
requires_python = ">=3.5"
summary = "Python logging made (stupidly) simple"
dependencies = [
    "colorama>=0.3.4; sys_platform == \"win32\"",
    "win32-setctime>=1.0.0; sys_platform == \"win32\"",
]
files = [
    {file = "loguru-0.7.2-py3-none-any.whl", hash = "sha256:003d71e3d3ed35f0f8984898359d65b79e5b21943f78af86aa5491210429b8eb"},
    {file = "loguru-0.7.2.tar.gz", hash = "sha256:e671a53522515f34fd406340ee968cb9ecafbc4b36c679da03c18fd8d0bd51ac"},
]

[[package]]
name = "markdown-it-py"
version = "3.0.0"
requires_python = ">=3.8"
summary = "Python port of markdown-it. Markdown parsing, done right!"
dependencies = [
    "mdurl~=0.1",
]
files = [
    {file = "markdown-it-py-3.0.0.tar.gz", hash = "sha256:e3f60a94fa066dc52ec76661e37c851cb232d92f9886b15cb560aaada2df8feb"},
    {file = "markdown_it_py-3.0.0-py3-none-any.whl", hash = "sha256:355216845c60bd96232cd8d8c40e8f9765cc86f46880e43a8fd22dc1a1a8cab1"},
]

[[package]]
name = "markdown-it-py"
version = "3.0.0"
extras = ["linkify", "plugins"]
requires_python = ">=3.8"
summary = "Python port of markdown-it. Markdown parsing, done right!"
dependencies = [
    "linkify-it-py<3,>=1",
    "markdown-it-py==3.0.0",
    "mdit-py-plugins",
]
files = [
    {file = "markdown-it-py-3.0.0.tar.gz", hash = "sha256:e3f60a94fa066dc52ec76661e37c851cb232d92f9886b15cb560aaada2df8feb"},
    {file = "markdown_it_py-3.0.0-py3-none-any.whl", hash = "sha256:355216845c60bd96232cd8d8c40e8f9765cc86f46880e43a8fd22dc1a1a8cab1"},
]

[[package]]
name = "mdit-py-plugins"
version = "0.4.0"
requires_python = ">=3.8"
summary = "Collection of plugins for markdown-it-py"
dependencies = [
    "markdown-it-py<4.0.0,>=1.0.0",
]
files = [
    {file = "mdit_py_plugins-0.4.0-py3-none-any.whl", hash = "sha256:b51b3bb70691f57f974e257e367107857a93b36f322a9e6d44ca5bf28ec2def9"},
    {file = "mdit_py_plugins-0.4.0.tar.gz", hash = "sha256:d8ab27e9aed6c38aa716819fedfde15ca275715955f8a185a8e1cf90fb1d2c1b"},
]

[[package]]
name = "mdurl"
version = "0.1.2"
requires_python = ">=3.7"
summary = "Markdown URL utilities"
files = [
    {file = "mdurl-0.1.2-py3-none-any.whl", hash = "sha256:84008a41e51615a49fc9966191ff91509e3c40b939176e643fd50a5c2196b8f8"},
    {file = "mdurl-0.1.2.tar.gz", hash = "sha256:bb413d29f5eea38f31dd4754dd7377d4465116fb207585f97bf925588687c1ba"},
]

[[package]]
name = "multidict"
version = "6.0.4"
requires_python = ">=3.7"
summary = "multidict implementation"
files = [
    {file = "multidict-6.0.4-cp310-cp310-macosx_10_9_universal2.whl", hash = "sha256:0b1a97283e0c85772d613878028fec909f003993e1007eafa715b24b377cb9b8"},
    {file = "multidict-6.0.4-cp310-cp310-macosx_10_9_x86_64.whl", hash = "sha256:eeb6dcc05e911516ae3d1f207d4b0520d07f54484c49dfc294d6e7d63b734171"},
    {file = "multidict-6.0.4-cp310-cp310-macosx_11_0_arm64.whl", hash = "sha256:d6d635d5209b82a3492508cf5b365f3446afb65ae7ebd755e70e18f287b0adf7"},
    {file = "multidict-6.0.4-cp310-cp310-manylinux_2_17_aarch64.manylinux2014_aarch64.whl", hash = "sha256:c048099e4c9e9d615545e2001d3d8a4380bd403e1a0578734e0d31703d1b0c0b"},
    {file = "multidict-6.0.4-cp310-cp310-manylinux_2_17_ppc64le.manylinux2014_ppc64le.whl", hash = "sha256:ea20853c6dbbb53ed34cb4d080382169b6f4554d394015f1bef35e881bf83547"},
    {file = "multidict-6.0.4-cp310-cp310-manylinux_2_17_s390x.manylinux2014_s390x.whl", hash = "sha256:16d232d4e5396c2efbbf4f6d4df89bfa905eb0d4dc5b3549d872ab898451f569"},
    {file = "multidict-6.0.4-cp310-cp310-manylinux_2_17_x86_64.manylinux2014_x86_64.whl", hash = "sha256:36c63aaa167f6c6b04ef2c85704e93af16c11d20de1d133e39de6a0e84582a93"},
    {file = "multidict-6.0.4-cp310-cp310-manylinux_2_5_i686.manylinux1_i686.manylinux_2_17_i686.manylinux2014_i686.whl", hash = "sha256:64bdf1086b6043bf519869678f5f2757f473dee970d7abf6da91ec00acb9cb98"},
    {file = "multidict-6.0.4-cp310-cp310-musllinux_1_1_aarch64.whl", hash = "sha256:43644e38f42e3af682690876cff722d301ac585c5b9e1eacc013b7a3f7b696a0"},
    {file = "multidict-6.0.4-cp310-cp310-musllinux_1_1_i686.whl", hash = "sha256:7582a1d1030e15422262de9f58711774e02fa80df0d1578995c76214f6954988"},
    {file = "multidict-6.0.4-cp310-cp310-musllinux_1_1_ppc64le.whl", hash = "sha256:ddff9c4e225a63a5afab9dd15590432c22e8057e1a9a13d28ed128ecf047bbdc"},
    {file = "multidict-6.0.4-cp310-cp310-musllinux_1_1_s390x.whl", hash = "sha256:ee2a1ece51b9b9e7752e742cfb661d2a29e7bcdba2d27e66e28a99f1890e4fa0"},
    {file = "multidict-6.0.4-cp310-cp310-musllinux_1_1_x86_64.whl", hash = "sha256:a2e4369eb3d47d2034032a26c7a80fcb21a2cb22e1173d761a162f11e562caa5"},
    {file = "multidict-6.0.4-cp310-cp310-win32.whl", hash = "sha256:574b7eae1ab267e5f8285f0fe881f17efe4b98c39a40858247720935b893bba8"},
    {file = "multidict-6.0.4-cp310-cp310-win_amd64.whl", hash = "sha256:4dcbb0906e38440fa3e325df2359ac6cb043df8e58c965bb45f4e406ecb162cc"},
    {file = "multidict-6.0.4-cp311-cp311-macosx_10_9_universal2.whl", hash = "sha256:0dfad7a5a1e39c53ed00d2dd0c2e36aed4650936dc18fd9a1826a5ae1cad6f03"},
    {file = "multidict-6.0.4-cp311-cp311-macosx_10_9_x86_64.whl", hash = "sha256:64da238a09d6039e3bd39bb3aee9c21a5e34f28bfa5aa22518581f910ff94af3"},
    {file = "multidict-6.0.4-cp311-cp311-macosx_11_0_arm64.whl", hash = "sha256:ff959bee35038c4624250473988b24f846cbeb2c6639de3602c073f10410ceba"},
    {file = "multidict-6.0.4-cp311-cp311-manylinux_2_17_aarch64.manylinux2014_aarch64.whl", hash = "sha256:01a3a55bd90018c9c080fbb0b9f4891db37d148a0a18722b42f94694f8b6d4c9"},
    {file = "multidict-6.0.4-cp311-cp311-manylinux_2_17_ppc64le.manylinux2014_ppc64le.whl", hash = "sha256:c5cb09abb18c1ea940fb99360ea0396f34d46566f157122c92dfa069d3e0e982"},
    {file = "multidict-6.0.4-cp311-cp311-manylinux_2_17_s390x.manylinux2014_s390x.whl", hash = "sha256:666daae833559deb2d609afa4490b85830ab0dfca811a98b70a205621a6109fe"},
    {file = "multidict-6.0.4-cp311-cp311-manylinux_2_17_x86_64.manylinux2014_x86_64.whl", hash = "sha256:11bdf3f5e1518b24530b8241529d2050014c884cf18b6fc69c0c2b30ca248710"},
    {file = "multidict-6.0.4-cp311-cp311-manylinux_2_5_i686.manylinux1_i686.manylinux_2_17_i686.manylinux2014_i686.whl", hash = "sha256:7d18748f2d30f94f498e852c67d61261c643b349b9d2a581131725595c45ec6c"},
    {file = "multidict-6.0.4-cp311-cp311-musllinux_1_1_aarch64.whl", hash = "sha256:458f37be2d9e4c95e2d8866a851663cbc76e865b78395090786f6cd9b3bbf4f4"},
    {file = "multidict-6.0.4-cp311-cp311-musllinux_1_1_i686.whl", hash = "sha256:b1a2eeedcead3a41694130495593a559a668f382eee0727352b9a41e1c45759a"},
    {file = "multidict-6.0.4-cp311-cp311-musllinux_1_1_ppc64le.whl", hash = "sha256:7d6ae9d593ef8641544d6263c7fa6408cc90370c8cb2bbb65f8d43e5b0351d9c"},
    {file = "multidict-6.0.4-cp311-cp311-musllinux_1_1_s390x.whl", hash = "sha256:5979b5632c3e3534e42ca6ff856bb24b2e3071b37861c2c727ce220d80eee9ed"},
    {file = "multidict-6.0.4-cp311-cp311-musllinux_1_1_x86_64.whl", hash = "sha256:dcfe792765fab89c365123c81046ad4103fcabbc4f56d1c1997e6715e8015461"},
    {file = "multidict-6.0.4-cp311-cp311-win32.whl", hash = "sha256:3601a3cece3819534b11d4efc1eb76047488fddd0c85a3948099d5da4d504636"},
    {file = "multidict-6.0.4-cp311-cp311-win_amd64.whl", hash = "sha256:81a4f0b34bd92df3da93315c6a59034df95866014ac08535fc819f043bfd51f0"},
    {file = "multidict-6.0.4.tar.gz", hash = "sha256:3666906492efb76453c0e7b97f2cf459b0682e7402c0489a95484965dbc1da49"},
]

[[package]]
name = "nonechat"
version = "0.2.1"
requires_python = "<4.0,>=3.8"
summary = "Awesome chat console using Textual"
dependencies = [
    "textual~=0.29.0",
]
files = [
    {file = "nonechat-0.2.1-py3-none-any.whl", hash = "sha256:458e294dcc7e06f624bf8102b84ee14f45edf87f7b574379db320fd08fef805a"},
    {file = "nonechat-0.2.1.tar.gz", hash = "sha256:5c5ec15cb6ece2d5374575cace807d35a760017c060213d6bfb7ace5da3cdf35"},
]

[[package]]
name = "pygments"
version = "2.17.2"
requires_python = ">=3.7"
summary = "Pygments is a syntax highlighting package written in Python."
files = [
    {file = "pygments-2.17.2-py3-none-any.whl", hash = "sha256:b27c2826c47d0f3219f29554824c30c5e8945175d888647acd804ddd04af846c"},
    {file = "pygments-2.17.2.tar.gz", hash = "sha256:da46cec9fd2de5be3a8a784f434e4c4ab670b4ff54d605c4c2717e9d49c4c367"},
]

[[package]]
name = "rich"
version = "13.7.0"
requires_python = ">=3.7.0"
summary = "Render rich text, tables, progress bars, syntax highlighting, markdown and more to the terminal"
dependencies = [
    "markdown-it-py>=2.2.0",
    "pygments<3.0.0,>=2.13.0",
]
files = [
    {file = "rich-13.7.0-py3-none-any.whl", hash = "sha256:6da14c108c4866ee9520bbffa71f6fe3962e193b7da68720583850cd4548e235"},
    {file = "rich-13.7.0.tar.gz", hash = "sha256:5cb5123b5cf9ee70584244246816e9114227e0b98ad9176eede6ad54bf5403fa"},
]

[[package]]
name = "statv"
version = "0.3.2"
requires_python = ">=3.8"
summary = "a uniform status implementation for graia project"
files = [
    {file = "statv-0.3.2-py3-none-any.whl", hash = "sha256:32e430b21ab6a62695c67ab6cae3dba6e01e9c3fdbc9344e3236ad7a1f51d0c7"},
    {file = "statv-0.3.2.tar.gz", hash = "sha256:fb4df2a37bf7a792e36a6e657c74cbdef9e2cdb8de3a0762b28b35c9e13f0fdd"},
]

[[package]]
name = "textual"
version = "0.29.0"
requires_python = ">=3.7,<4.0"
summary = "Modern Text User Interface framework"
dependencies = [
    "importlib-metadata>=4.11.3",
    "markdown-it-py[linkify,plugins]>=2.1.0",
    "rich>=13.3.3",
    "typing-extensions<5.0.0,>=4.4.0",
]
files = [
    {file = "textual-0.29.0-py3-none-any.whl", hash = "sha256:949fd8f16a412404ba785605dda1e2fab8166656e4d29d4177ec63cd73ba83d4"},
    {file = "textual-0.29.0.tar.gz", hash = "sha256:7eb87b6d007dc9bd08e00e893b860ecb7a11ca815c8866db39fe17ec547e2fcf"},
]

[[package]]
name = "typing-extensions"
version = "4.8.0"
requires_python = ">=3.8"
summary = "Backported and Experimental Type Hints for Python 3.8+"
files = [
    {file = "typing_extensions-4.8.0-py3-none-any.whl", hash = "sha256:8f92fc8806f9a6b641eaa5318da32b44d401efaac0f6678c9bc448ba3605faa0"},
    {file = "typing_extensions-4.8.0.tar.gz", hash = "sha256:df8e4339e9cb77357558cbdbceca33c303714cf861d1eef15e1070055ae8b7ef"},
]

[[package]]
name = "uc-micro-py"
version = "1.0.2"
requires_python = ">=3.7"
summary = "Micro subset of unicode data files for linkify-it-py projects."
files = [
    {file = "uc-micro-py-1.0.2.tar.gz", hash = "sha256:30ae2ac9c49f39ac6dce743bd187fcd2b574b16ca095fa74cd9396795c954c54"},
    {file = "uc_micro_py-1.0.2-py3-none-any.whl", hash = "sha256:8c9110c309db9d9e87302e2f4ad2c3152770930d88ab385cd544e7a7e75f3de0"},
]

[[package]]
name = "uvicorn"
version = "0.24.0.post1"
requires_python = ">=3.8"
summary = "The lightning-fast ASGI server."
dependencies = [
    "click>=7.0",
    "h11>=0.8",
    "typing-extensions>=4.0; python_version < \"3.11\"",
]
files = [
    {file = "uvicorn-0.24.0.post1-py3-none-any.whl", hash = "sha256:7c84fea70c619d4a710153482c0d230929af7bcf76c7bfa6de151f0a3a80121e"},
    {file = "uvicorn-0.24.0.post1.tar.gz", hash = "sha256:09c8e5a79dc466bdf28dead50093957db184de356fcdc48697bad3bde4c2588e"},
]

[[package]]
name = "win32-setctime"
version = "1.1.0"
requires_python = ">=3.5"
summary = "A small Python utility to set file creation time on Windows"
files = [
    {file = "win32_setctime-1.1.0-py3-none-any.whl", hash = "sha256:231db239e959c2fe7eb1d7dc129f11172354f98361c4fa2d6d2d7e278baa8aad"},
    {file = "win32_setctime-1.1.0.tar.gz", hash = "sha256:15cf5750465118d6929ae4de4eb46e8edae9a5634350c01ba582df868e932cb2"},
]

[[package]]
name = "yarl"
version = "1.9.3"
requires_python = ">=3.7"
summary = "Yet another URL library"
dependencies = [
    "idna>=2.0",
    "multidict>=4.0",
]
files = [
    {file = "yarl-1.9.3-cp310-cp310-macosx_10_9_universal2.whl", hash = "sha256:32435d134414e01d937cd9d6cc56e8413a8d4741dea36af5840c7750f04d16ab"},
    {file = "yarl-1.9.3-cp310-cp310-macosx_10_9_x86_64.whl", hash = "sha256:9a5211de242754b5e612557bca701f39f8b1a9408dff73c6db623f22d20f470e"},
    {file = "yarl-1.9.3-cp310-cp310-macosx_11_0_arm64.whl", hash = "sha256:525cd69eff44833b01f8ef39aa33a9cc53a99ff7f9d76a6ef6a9fb758f54d0ff"},
    {file = "yarl-1.9.3-cp310-cp310-manylinux_2_17_aarch64.manylinux2014_aarch64.whl", hash = "sha256:fc94441bcf9cb8c59f51f23193316afefbf3ff858460cb47b5758bf66a14d130"},
    {file = "yarl-1.9.3-cp310-cp310-manylinux_2_17_ppc64le.manylinux2014_ppc64le.whl", hash = "sha256:e36021db54b8a0475805acc1d6c4bca5d9f52c3825ad29ae2d398a9d530ddb88"},
    {file = "yarl-1.9.3-cp310-cp310-manylinux_2_17_s390x.manylinux2014_s390x.whl", hash = "sha256:e0f17d1df951336a02afc8270c03c0c6e60d1f9996fcbd43a4ce6be81de0bd9d"},
    {file = "yarl-1.9.3-cp310-cp310-manylinux_2_17_x86_64.manylinux2014_x86_64.whl", hash = "sha256:c5f3faeb8100a43adf3e7925d556801d14b5816a0ac9e75e22948e787feec642"},
    {file = "yarl-1.9.3-cp310-cp310-manylinux_2_5_i686.manylinux1_i686.manylinux_2_17_i686.manylinux2014_i686.whl", hash = "sha256:aed37db837ecb5962469fad448aaae0f0ee94ffce2062cf2eb9aed13328b5196"},
    {file = "yarl-1.9.3-cp310-cp310-musllinux_1_1_aarch64.whl", hash = "sha256:721ee3fc292f0d069a04016ef2c3a25595d48c5b8ddc6029be46f6158d129c92"},
    {file = "yarl-1.9.3-cp310-cp310-musllinux_1_1_i686.whl", hash = "sha256:b8bc5b87a65a4e64bc83385c05145ea901b613d0d3a434d434b55511b6ab0067"},
    {file = "yarl-1.9.3-cp310-cp310-musllinux_1_1_ppc64le.whl", hash = "sha256:dd952b9c64f3b21aedd09b8fe958e4931864dba69926d8a90c90d36ac4e28c9a"},
    {file = "yarl-1.9.3-cp310-cp310-musllinux_1_1_s390x.whl", hash = "sha256:c405d482c320a88ab53dcbd98d6d6f32ada074f2d965d6e9bf2d823158fa97de"},
    {file = "yarl-1.9.3-cp310-cp310-musllinux_1_1_x86_64.whl", hash = "sha256:9df9a0d4c5624790a0dea2e02e3b1b3c69aed14bcb8650e19606d9df3719e87d"},
    {file = "yarl-1.9.3-cp310-cp310-win32.whl", hash = "sha256:d34c4f80956227f2686ddea5b3585e109c2733e2d4ef12eb1b8b4e84f09a2ab6"},
    {file = "yarl-1.9.3-cp310-cp310-win_amd64.whl", hash = "sha256:cf7a4e8de7f1092829caef66fd90eaf3710bc5efd322a816d5677b7664893c93"},
    {file = "yarl-1.9.3-cp311-cp311-macosx_10_9_universal2.whl", hash = "sha256:d61a0ca95503867d4d627517bcfdc28a8468c3f1b0b06c626f30dd759d3999fd"},
    {file = "yarl-1.9.3-cp311-cp311-macosx_10_9_x86_64.whl", hash = "sha256:73cc83f918b69110813a7d95024266072d987b903a623ecae673d1e71579d566"},
    {file = "yarl-1.9.3-cp311-cp311-macosx_11_0_arm64.whl", hash = "sha256:d81657b23e0edb84b37167e98aefb04ae16cbc5352770057893bd222cdc6e45f"},
    {file = "yarl-1.9.3-cp311-cp311-manylinux_2_17_aarch64.manylinux2014_aarch64.whl", hash = "sha256:26a1a8443091c7fbc17b84a0d9f38de34b8423b459fb853e6c8cdfab0eacf613"},
    {file = "yarl-1.9.3-cp311-cp311-manylinux_2_17_ppc64le.manylinux2014_ppc64le.whl", hash = "sha256:fe34befb8c765b8ce562f0200afda3578f8abb159c76de3ab354c80b72244c41"},
    {file = "yarl-1.9.3-cp311-cp311-manylinux_2_17_s390x.manylinux2014_s390x.whl", hash = "sha256:2c757f64afe53a422e45e3e399e1e3cf82b7a2f244796ce80d8ca53e16a49b9f"},
    {file = "yarl-1.9.3-cp311-cp311-manylinux_2_17_x86_64.manylinux2014_x86_64.whl", hash = "sha256:72a57b41a0920b9a220125081c1e191b88a4cdec13bf9d0649e382a822705c65"},
    {file = "yarl-1.9.3-cp311-cp311-manylinux_2_5_i686.manylinux1_i686.manylinux_2_17_i686.manylinux2014_i686.whl", hash = "sha256:632c7aeb99df718765adf58eacb9acb9cbc555e075da849c1378ef4d18bf536a"},
    {file = "yarl-1.9.3-cp311-cp311-musllinux_1_1_aarch64.whl", hash = "sha256:b0b8c06afcf2bac5a50b37f64efbde978b7f9dc88842ce9729c020dc71fae4ce"},
    {file = "yarl-1.9.3-cp311-cp311-musllinux_1_1_i686.whl", hash = "sha256:1d93461e2cf76c4796355494f15ffcb50a3c198cc2d601ad8d6a96219a10c363"},
    {file = "yarl-1.9.3-cp311-cp311-musllinux_1_1_ppc64le.whl", hash = "sha256:4003f380dac50328c85e85416aca6985536812c082387255c35292cb4b41707e"},
    {file = "yarl-1.9.3-cp311-cp311-musllinux_1_1_s390x.whl", hash = "sha256:4d6d74a97e898c1c2df80339aa423234ad9ea2052f66366cef1e80448798c13d"},
    {file = "yarl-1.9.3-cp311-cp311-musllinux_1_1_x86_64.whl", hash = "sha256:b61e64b06c3640feab73fa4ff9cb64bd8182de52e5dc13038e01cfe674ebc321"},
    {file = "yarl-1.9.3-cp311-cp311-win32.whl", hash = "sha256:29beac86f33d6c7ab1d79bd0213aa7aed2d2f555386856bb3056d5fdd9dab279"},
    {file = "yarl-1.9.3-cp311-cp311-win_amd64.whl", hash = "sha256:f7271d6bd8838c49ba8ae647fc06469137e1c161a7ef97d778b72904d9b68696"},
    {file = "yarl-1.9.3-cp312-cp312-macosx_10_9_universal2.whl", hash = "sha256:dd318e6b75ca80bff0b22b302f83a8ee41c62b8ac662ddb49f67ec97e799885d"},
    {file = "yarl-1.9.3-cp312-cp312-macosx_10_9_x86_64.whl", hash = "sha256:c4b1efb11a8acd13246ffb0bee888dd0e8eb057f8bf30112e3e21e421eb82d4a"},
    {file = "yarl-1.9.3-cp312-cp312-macosx_11_0_arm64.whl", hash = "sha256:c6f034386e5550b5dc8ded90b5e2ff7db21f0f5c7de37b6efc5dac046eb19c10"},
    {file = "yarl-1.9.3-cp312-cp312-manylinux_2_17_aarch64.manylinux2014_aarch64.whl", hash = "sha256:cd49a908cb6d387fc26acee8b7d9fcc9bbf8e1aca890c0b2fdfd706057546080"},
    {file = "yarl-1.9.3-cp312-cp312-manylinux_2_17_ppc64le.manylinux2014_ppc64le.whl", hash = "sha256:aa4643635f26052401750bd54db911b6342eb1a9ac3e74f0f8b58a25d61dfe41"},
    {file = "yarl-1.9.3-cp312-cp312-manylinux_2_17_s390x.manylinux2014_s390x.whl", hash = "sha256:e741bd48e6a417bdfbae02e088f60018286d6c141639359fb8df017a3b69415a"},
    {file = "yarl-1.9.3-cp312-cp312-manylinux_2_17_x86_64.manylinux2014_x86_64.whl", hash = "sha256:7c86d0d0919952d05df880a1889a4f0aeb6868e98961c090e335671dea5c0361"},
    {file = "yarl-1.9.3-cp312-cp312-manylinux_2_5_i686.manylinux1_i686.manylinux_2_17_i686.manylinux2014_i686.whl", hash = "sha256:3d5434b34100b504aabae75f0622ebb85defffe7b64ad8f52b8b30ec6ef6e4b9"},
    {file = "yarl-1.9.3-cp312-cp312-musllinux_1_1_aarch64.whl", hash = "sha256:79e1df60f7c2b148722fb6cafebffe1acd95fd8b5fd77795f56247edaf326752"},
    {file = "yarl-1.9.3-cp312-cp312-musllinux_1_1_i686.whl", hash = "sha256:44e91a669c43f03964f672c5a234ae0d7a4d49c9b85d1baa93dec28afa28ffbd"},
    {file = "yarl-1.9.3-cp312-cp312-musllinux_1_1_ppc64le.whl", hash = "sha256:3cfa4dbe17b2e6fca1414e9c3bcc216f6930cb18ea7646e7d0d52792ac196808"},
    {file = "yarl-1.9.3-cp312-cp312-musllinux_1_1_s390x.whl", hash = "sha256:88d2c3cc4b2f46d1ba73d81c51ec0e486f59cc51165ea4f789677f91a303a9a7"},
    {file = "yarl-1.9.3-cp312-cp312-musllinux_1_1_x86_64.whl", hash = "sha256:cccdc02e46d2bd7cb5f38f8cc3d9db0d24951abd082b2f242c9e9f59c0ab2af3"},
    {file = "yarl-1.9.3-cp312-cp312-win32.whl", hash = "sha256:96758e56dceb8a70f8a5cff1e452daaeff07d1cc9f11e9b0c951330f0a2396a7"},
    {file = "yarl-1.9.3-cp312-cp312-win_amd64.whl", hash = "sha256:c4472fe53ebf541113e533971bd8c32728debc4c6d8cc177f2bff31d011ec17e"},
    {file = "yarl-1.9.3-py3-none-any.whl", hash = "sha256:271d63396460b6607b588555ea27a1a02b717ca2e3f2cf53bdde4013d7790929"},
    {file = "yarl-1.9.3.tar.gz", hash = "sha256:4a14907b597ec55740f63e52d7fee0e9ee09d5b9d57a4f399a7423268e457b57"},
]

[[package]]
name = "zipp"
version = "3.17.0"
requires_python = ">=3.8"
summary = "Backport of pathlib-compatible object wrapper for zip files"
files = [
    {file = "zipp-3.17.0-py3-none-any.whl", hash = "sha256:0e923e726174922dce09c53c59ad483ff7bbb8e572e00c7f7c46b88556409f31"},
    {file = "zipp-3.17.0.tar.gz", hash = "sha256:84e64a1c28cf7e91ed2078bb8cc8c259cb19b76942096c8d7b84947690cabaf0"},
]
